// !$*UTF8*$!
{
	archiveVersion = 1;
	classes = {
	};
	objectVersion = 50;
	objects = {

/* Begin PBXBuildFile section */
		C084338126144CF400DCD7C2 /* AppDelegate.swift in Sources */ = {isa = PBXBuildFile; fileRef = C084338026144CF400DCD7C2 /* AppDelegate.swift */; };
		C084338326144CF400DCD7C2 /* SceneDelegate.swift in Sources */ = {isa = PBXBuildFile; fileRef = C084338226144CF400DCD7C2 /* SceneDelegate.swift */; };
		C084338526144CF400DCD7C2 /* ViewController.swift in Sources */ = {isa = PBXBuildFile; fileRef = C084338426144CF400DCD7C2 /* ViewController.swift */; };
		C084338826144CF400DCD7C2 /* Main.storyboard in Resources */ = {isa = PBXBuildFile; fileRef = C084338626144CF400DCD7C2 /* Main.storyboard */; };
		C084338A26144CF500DCD7C2 /* Assets.xcassets in Resources */ = {isa = PBXBuildFile; fileRef = C084338926144CF500DCD7C2 /* Assets.xcassets */; };
		C084338D26144CF500DCD7C2 /* LaunchScreen.storyboard in Resources */ = {isa = PBXBuildFile; fileRef = C084338B26144CF500DCD7C2 /* LaunchScreen.storyboard */; };
		C084339826144CF500DCD7C2 /* NavigationPracTests.swift in Sources */ = {isa = PBXBuildFile; fileRef = C084339726144CF500DCD7C2 /* NavigationPracTests.swift */; };
		C08433A326144CF500DCD7C2 /* NavigationPracUITests.swift in Sources */ = {isa = PBXBuildFile; fileRef = C08433A226144CF500DCD7C2 /* NavigationPracUITests.swift */; };
/* End PBXBuildFile section */

/* Begin PBXContainerItemProxy section */
		C084339426144CF500DCD7C2 /* PBXContainerItemProxy */ = {
			isa = PBXContainerItemProxy;
			containerPortal = C084337526144CF400DCD7C2 /* Project object */;
			proxyType = 1;
			remoteGlobalIDString = C084337C26144CF400DCD7C2;
			remoteInfo = NavigationPrac;
		};
		C084339F26144CF500DCD7C2 /* PBXContainerItemProxy */ = {
			isa = PBXContainerItemProxy;
			containerPortal = C084337526144CF400DCD7C2 /* Project object */;
			proxyType = 1;
			remoteGlobalIDString = C084337C26144CF400DCD7C2;
			remoteInfo = NavigationPrac;
		};
/* End PBXContainerItemProxy section */

/* Begin PBXFileReference section */
		C084337D26144CF400DCD7C2 /* NavigationPrac.app */ = {isa = PBXFileReference; explicitFileType = wrapper.application; includeInIndex = 0; path = NavigationPrac.app; sourceTree = BUILT_PRODUCTS_DIR; };
		C084338026144CF400DCD7C2 /* AppDelegate.swift */ = {isa = PBXFileReference; lastKnownFileType = sourcecode.swift; path = AppDelegate.swift; sourceTree = "<group>"; };
		C084338226144CF400DCD7C2 /* SceneDelegate.swift */ = {isa = PBXFileReference; lastKnownFileType = sourcecode.swift; path = SceneDelegate.swift; sourceTree = "<group>"; };
		C084338426144CF400DCD7C2 /* ViewController.swift */ = {isa = PBXFileReference; lastKnownFileType = sourcecode.swift; path = ViewController.swift; sourceTree = "<group>"; };
		C084338726144CF400DCD7C2 /* Base */ = {isa = PBXFileReference; lastKnownFileType = file.storyboard; name = Base; path = Base.lproj/Main.storyboard; sourceTree = "<group>"; };
		C084338926144CF500DCD7C2 /* Assets.xcassets */ = {isa = PBXFileReference; lastKnownFileType = folder.assetcatalog; path = Assets.xcassets; sourceTree = "<group>"; };
		C084338C26144CF500DCD7C2 /* Base */ = {isa = PBXFileReference; lastKnownFileType = file.storyboard; name = Base; path = Base.lproj/LaunchScreen.storyboard; sourceTree = "<group>"; };
		C084338E26144CF500DCD7C2 /* Info.plist */ = {isa = PBXFileReference; lastKnownFileType = text.plist.xml; path = Info.plist; sourceTree = "<group>"; };
		C084339326144CF500DCD7C2 /* NavigationPracTests.xctest */ = {isa = PBXFileReference; explicitFileType = wrapper.cfbundle; includeInIndex = 0; path = NavigationPracTests.xctest; sourceTree = BUILT_PRODUCTS_DIR; };
		C084339726144CF500DCD7C2 /* NavigationPracTests.swift */ = {isa = PBXFileReference; lastKnownFileType = sourcecode.swift; path = NavigationPracTests.swift; sourceTree = "<group>"; };
		C084339926144CF500DCD7C2 /* Info.plist */ = {isa = PBXFileReference; lastKnownFileType = text.plist.xml; path = Info.plist; sourceTree = "<group>"; };
		C084339E26144CF500DCD7C2 /* NavigationPracUITests.xctest */ = {isa = PBXFileReference; explicitFileType = wrapper.cfbundle; includeInIndex = 0; path = NavigationPracUITests.xctest; sourceTree = BUILT_PRODUCTS_DIR; };
		C08433A226144CF500DCD7C2 /* NavigationPracUITests.swift */ = {isa = PBXFileReference; lastKnownFileType = sourcecode.swift; path = NavigationPracUITests.swift; sourceTree = "<group>"; };
		C08433A426144CF500DCD7C2 /* Info.plist */ = {isa = PBXFileReference; lastKnownFileType = text.plist.xml; path = Info.plist; sourceTree = "<group>"; };
/* End PBXFileReference section */

/* Begin PBXFrameworksBuildPhase section */
		C084337A26144CF400DCD7C2 /* Frameworks */ = {
			isa = PBXFrameworksBuildPhase;
			buildActionMask = 2147483647;
			files = (
			);
			runOnlyForDeploymentPostprocessing = 0;
		};
		C084339026144CF500DCD7C2 /* Frameworks */ = {
			isa = PBXFrameworksBuildPhase;
			buildActionMask = 2147483647;
			files = (
			);
			runOnlyForDeploymentPostprocessing = 0;
		};
		C084339B26144CF500DCD7C2 /* Frameworks */ = {
			isa = PBXFrameworksBuildPhase;
			buildActionMask = 2147483647;
			files = (
			);
			runOnlyForDeploymentPostprocessing = 0;
		};
/* End PBXFrameworksBuildPhase section */

/* Begin PBXGroup section */
		C084337426144CF400DCD7C2 = {
			isa = PBXGroup;
			children = (
				C084337F26144CF400DCD7C2 /* NavigationPrac */,
				C084339626144CF500DCD7C2 /* NavigationPracTests */,
				C08433A126144CF500DCD7C2 /* NavigationPracUITests */,
				C084337E26144CF400DCD7C2 /* Products */,
			);
			sourceTree = "<group>";
		};
		C084337E26144CF400DCD7C2 /* Products */ = {
			isa = PBXGroup;
			children = (
				C084337D26144CF400DCD7C2 /* NavigationPrac.app */,
				C084339326144CF500DCD7C2 /* NavigationPracTests.xctest */,
				C084339E26144CF500DCD7C2 /* NavigationPracUITests.xctest */,
			);
			name = Products;
			sourceTree = "<group>";
		};
		C084337F26144CF400DCD7C2 /* NavigationPrac */ = {
			isa = PBXGroup;
			children = (
				C084338026144CF400DCD7C2 /* AppDelegate.swift */,
				C084338226144CF400DCD7C2 /* SceneDelegate.swift */,
				C084338426144CF400DCD7C2 /* ViewController.swift */,
				C084338626144CF400DCD7C2 /* Main.storyboard */,
				C084338926144CF500DCD7C2 /* Assets.xcassets */,
				C084338B26144CF500DCD7C2 /* LaunchScreen.storyboard */,
				C084338E26144CF500DCD7C2 /* Info.plist */,
			);
			path = NavigationPrac;
			sourceTree = "<group>";
		};
		C084339626144CF500DCD7C2 /* NavigationPracTests */ = {
			isa = PBXGroup;
			children = (
				C084339726144CF500DCD7C2 /* NavigationPracTests.swift */,
				C084339926144CF500DCD7C2 /* Info.plist */,
			);
			path = NavigationPracTests;
			sourceTree = "<group>";
		};
		C08433A126144CF500DCD7C2 /* NavigationPracUITests */ = {
			isa = PBXGroup;
			children = (
				C08433A226144CF500DCD7C2 /* NavigationPracUITests.swift */,
				C08433A426144CF500DCD7C2 /* Info.plist */,
			);
			path = NavigationPracUITests;
			sourceTree = "<group>";
		};
/* End PBXGroup section */

/* Begin PBXNativeTarget section */
		C084337C26144CF400DCD7C2 /* NavigationPrac */ = {
			isa = PBXNativeTarget;
			buildConfigurationList = C08433A726144CF500DCD7C2 /* Build configuration list for PBXNativeTarget "NavigationPrac" */;
			buildPhases = (
				C084337926144CF400DCD7C2 /* Sources */,
				C084337A26144CF400DCD7C2 /* Frameworks */,
				C084337B26144CF400DCD7C2 /* Resources */,
			);
			buildRules = (
			);
			dependencies = (
			);
			name = NavigationPrac;
			productName = NavigationPrac;
			productReference = C084337D26144CF400DCD7C2 /* NavigationPrac.app */;
			productType = "com.apple.product-type.application";
		};
		C084339226144CF500DCD7C2 /* NavigationPracTests */ = {
			isa = PBXNativeTarget;
			buildConfigurationList = C08433AA26144CF500DCD7C2 /* Build configuration list for PBXNativeTarget "NavigationPracTests" */;
			buildPhases = (
				C084338F26144CF500DCD7C2 /* Sources */,
				C084339026144CF500DCD7C2 /* Frameworks */,
				C084339126144CF500DCD7C2 /* Resources */,
			);
			buildRules = (
			);
			dependencies = (
				C084339526144CF500DCD7C2 /* PBXTargetDependency */,
			);
			name = NavigationPracTests;
			productName = NavigationPracTests;
			productReference = C084339326144CF500DCD7C2 /* NavigationPracTests.xctest */;
			productType = "com.apple.product-type.bundle.unit-test";
		};
		C084339D26144CF500DCD7C2 /* NavigationPracUITests */ = {
			isa = PBXNativeTarget;
			buildConfigurationList = C08433AD26144CF500DCD7C2 /* Build configuration list for PBXNativeTarget "NavigationPracUITests" */;
			buildPhases = (
				C084339A26144CF500DCD7C2 /* Sources */,
				C084339B26144CF500DCD7C2 /* Frameworks */,
				C084339C26144CF500DCD7C2 /* Resources */,
			);
			buildRules = (
			);
			dependencies = (
				C08433A026144CF500DCD7C2 /* PBXTargetDependency */,
			);
			name = NavigationPracUITests;
			productName = NavigationPracUITests;
			productReference = C084339E26144CF500DCD7C2 /* NavigationPracUITests.xctest */;
			productType = "com.apple.product-type.bundle.ui-testing";
		};
/* End PBXNativeTarget section */

/* Begin PBXProject section */
		C084337526144CF400DCD7C2 /* Project object */ = {
			isa = PBXProject;
			attributes = {
				LastSwiftUpdateCheck = 1210;
				LastUpgradeCheck = 1210;
				TargetAttributes = {
					C084337C26144CF400DCD7C2 = {
						CreatedOnToolsVersion = 12.1;
					};
					C084339226144CF500DCD7C2 = {
						CreatedOnToolsVersion = 12.1;
						TestTargetID = C084337C26144CF400DCD7C2;
					};
					C084339D26144CF500DCD7C2 = {
						CreatedOnToolsVersion = 12.1;
						TestTargetID = C084337C26144CF400DCD7C2;
					};
				};
			};
			buildConfigurationList = C084337826144CF400DCD7C2 /* Build configuration list for PBXProject "NavigationPrac" */;
			compatibilityVersion = "Xcode 9.3";
			developmentRegion = en;
			hasScannedForEncodings = 0;
			knownRegions = (
				en,
				Base,
			);
			mainGroup = C084337426144CF400DCD7C2;
			productRefGroup = C084337E26144CF400DCD7C2 /* Products */;
			projectDirPath = "";
			projectRoot = "";
			targets = (
				C084337C26144CF400DCD7C2 /* NavigationPrac */,
				C084339226144CF500DCD7C2 /* NavigationPracTests */,
				C084339D26144CF500DCD7C2 /* NavigationPracUITests */,
			);
		};
/* End PBXProject section */

/* Begin PBXResourcesBuildPhase section */
		C084337B26144CF400DCD7C2 /* Resources */ = {
			isa = PBXResourcesBuildPhase;
			buildActionMask = 2147483647;
			files = (
				C084338D26144CF500DCD7C2 /* LaunchScreen.storyboard in Resources */,
				C084338A26144CF500DCD7C2 /* Assets.xcassets in Resources */,
				C084338826144CF400DCD7C2 /* Main.storyboard in Resources */,
			);
			runOnlyForDeploymentPostprocessing = 0;
		};
		C084339126144CF500DCD7C2 /* Resources */ = {
			isa = PBXResourcesBuildPhase;
			buildActionMask = 2147483647;
			files = (
			);
			runOnlyForDeploymentPostprocessing = 0;
		};
		C084339C26144CF500DCD7C2 /* Resources */ = {
			isa = PBXResourcesBuildPhase;
			buildActionMask = 2147483647;
			files = (
			);
			runOnlyForDeploymentPostprocessing = 0;
		};
/* End PBXResourcesBuildPhase section */

/* Begin PBXSourcesBuildPhase section */
		C084337926144CF400DCD7C2 /* Sources */ = {
			isa = PBXSourcesBuildPhase;
			buildActionMask = 2147483647;
			files = (
				C084338526144CF400DCD7C2 /* ViewController.swift in Sources */,
				C084338126144CF400DCD7C2 /* AppDelegate.swift in Sources */,
				C084338326144CF400DCD7C2 /* SceneDelegate.swift in Sources */,
			);
			runOnlyForDeploymentPostprocessing = 0;
		};
		C084338F26144CF500DCD7C2 /* Sources */ = {
			isa = PBXSourcesBuildPhase;
			buildActionMask = 2147483647;
			files = (
				C084339826144CF500DCD7C2 /* NavigationPracTests.swift in Sources */,
			);
			runOnlyForDeploymentPostprocessing = 0;
		};
		C084339A26144CF500DCD7C2 /* Sources */ = {
			isa = PBXSourcesBuildPhase;
			buildActionMask = 2147483647;
			files = (
				C08433A326144CF500DCD7C2 /* NavigationPracUITests.swift in Sources */,
			);
			runOnlyForDeploymentPostprocessing = 0;
		};
/* End PBXSourcesBuildPhase section */

/* Begin PBXTargetDependency section */
		C084339526144CF500DCD7C2 /* PBXTargetDependency */ = {
			isa = PBXTargetDependency;
			target = C084337C26144CF400DCD7C2 /* NavigationPrac */;
			targetProxy = C084339426144CF500DCD7C2 /* PBXContainerItemProxy */;
		};
		C08433A026144CF500DCD7C2 /* PBXTargetDependency */ = {
			isa = PBXTargetDependency;
			target = C084337C26144CF400DCD7C2 /* NavigationPrac */;
			targetProxy = C084339F26144CF500DCD7C2 /* PBXContainerItemProxy */;
		};
/* End PBXTargetDependency section */

/* Begin PBXVariantGroup section */
		C084338626144CF400DCD7C2 /* Main.storyboard */ = {
			isa = PBXVariantGroup;
			children = (
				C084338726144CF400DCD7C2 /* Base */,
			);
			name = Main.storyboard;
			sourceTree = "<group>";
		};
		C084338B26144CF500DCD7C2 /* LaunchScreen.storyboard */ = {
			isa = PBXVariantGroup;
			children = (
				C084338C26144CF500DCD7C2 /* Base */,
			);
			name = LaunchScreen.storyboard;
			sourceTree = "<group>";
		};
/* End PBXVariantGroup section */

/* Begin XCBuildConfiguration section */
		C08433A526144CF500DCD7C2 /* Debug */ = {
			isa = XCBuildConfiguration;
			buildSettings = {
				ALWAYS_SEARCH_USER_PATHS = NO;
				CLANG_ANALYZER_NONNULL = YES;
				CLANG_ANALYZER_NUMBER_OBJECT_CONVERSION = YES_AGGRESSIVE;
				CLANG_CXX_LANGUAGE_STANDARD = "gnu++14";
				CLANG_CXX_LIBRARY = "libc++";
				CLANG_ENABLE_MODULES = YES;
				CLANG_ENABLE_OBJC_ARC = YES;
				CLANG_ENABLE_OBJC_WEAK = YES;
				CLANG_WARN_BLOCK_CAPTURE_AUTORELEASING = YES;
				CLANG_WARN_BOOL_CONVERSION = YES;
				CLANG_WARN_COMMA = YES;
				CLANG_WARN_CONSTANT_CONVERSION = YES;
				CLANG_WARN_DEPRECATED_OBJC_IMPLEMENTATIONS = YES;
				CLANG_WARN_DIRECT_OBJC_ISA_USAGE = YES_ERROR;
				CLANG_WARN_DOCUMENTATION_COMMENTS = YES;
				CLANG_WARN_EMPTY_BODY = YES;
				CLANG_WARN_ENUM_CONVERSION = YES;
				CLANG_WARN_INFINITE_RECURSION = YES;
				CLANG_WARN_INT_CONVERSION = YES;
				CLANG_WARN_NON_LITERAL_NULL_CONVERSION = YES;
				CLANG_WARN_OBJC_IMPLICIT_RETAIN_SELF = YES;
				CLANG_WARN_OBJC_LITERAL_CONVERSION = YES;
				CLANG_WARN_OBJC_ROOT_CLASS = YES_ERROR;
				CLANG_WARN_QUOTED_INCLUDE_IN_FRAMEWORK_HEADER = YES;
				CLANG_WARN_RANGE_LOOP_ANALYSIS = YES;
				CLANG_WARN_STRICT_PROTOTYPES = YES;
				CLANG_WARN_SUSPICIOUS_MOVE = YES;
				CLANG_WARN_UNGUARDED_AVAILABILITY = YES_AGGRESSIVE;
				CLANG_WARN_UNREACHABLE_CODE = YES;
				CLANG_WARN__DUPLICATE_METHOD_MATCH = YES;
				COPY_PHASE_STRIP = NO;
				DEBUG_INFORMATION_FORMAT = dwarf;
				ENABLE_STRICT_OBJC_MSGSEND = YES;
				ENABLE_TESTABILITY = YES;
				GCC_C_LANGUAGE_STANDARD = gnu11;
				GCC_DYNAMIC_NO_PIC = NO;
				GCC_NO_COMMON_BLOCKS = YES;
				GCC_OPTIMIZATION_LEVEL = 0;
				GCC_PREPROCESSOR_DEFINITIONS = (
					"DEBUG=1",
					"$(inherited)",
				);
				GCC_WARN_64_TO_32_BIT_CONVERSION = YES;
				GCC_WARN_ABOUT_RETURN_TYPE = YES_ERROR;
				GCC_WARN_UNDECLARED_SELECTOR = YES;
				GCC_WARN_UNINITIALIZED_AUTOS = YES_AGGRESSIVE;
				GCC_WARN_UNUSED_FUNCTION = YES;
				GCC_WARN_UNUSED_VARIABLE = YES;
				IPHONEOS_DEPLOYMENT_TARGET = 14.1;
				MTL_ENABLE_DEBUG_INFO = INCLUDE_SOURCE;
				MTL_FAST_MATH = YES;
				ONLY_ACTIVE_ARCH = YES;
				SDKROOT = iphoneos;
				SWIFT_ACTIVE_COMPILATION_CONDITIONS = DEBUG;
				SWIFT_OPTIMIZATION_LEVEL = "-Onone";
			};
			name = Debug;
		};
		C08433A626144CF500DCD7C2 /* Release */ = {
			isa = XCBuildConfiguration;
			buildSettings = {
				ALWAYS_SEARCH_USER_PATHS = NO;
				CLANG_ANALYZER_NONNULL = YES;
				CLANG_ANALYZER_NUMBER_OBJECT_CONVERSION = YES_AGGRESSIVE;
				CLANG_CXX_LANGUAGE_STANDARD = "gnu++14";
				CLANG_CXX_LIBRARY = "libc++";
				CLANG_ENABLE_MODULES = YES;
				CLANG_ENABLE_OBJC_ARC = YES;
				CLANG_ENABLE_OBJC_WEAK = YES;
				CLANG_WARN_BLOCK_CAPTURE_AUTORELEASING = YES;
				CLANG_WARN_BOOL_CONVERSION = YES;
				CLANG_WARN_COMMA = YES;
				CLANG_WARN_CONSTANT_CONVERSION = YES;
				CLANG_WARN_DEPRECATED_OBJC_IMPLEMENTATIONS = YES;
				CLANG_WARN_DIRECT_OBJC_ISA_USAGE = YES_ERROR;
				CLANG_WARN_DOCUMENTATION_COMMENTS = YES;
				CLANG_WARN_EMPTY_BODY = YES;
				CLANG_WARN_ENUM_CONVERSION = YES;
				CLANG_WARN_INFINITE_RECURSION = YES;
				CLANG_WARN_INT_CONVERSION = YES;
				CLANG_WARN_NON_LITERAL_NULL_CONVERSION = YES;
				CLANG_WARN_OBJC_IMPLICIT_RETAIN_SELF = YES;
				CLANG_WARN_OBJC_LITERAL_CONVERSION = YES;
				CLANG_WARN_OBJC_ROOT_CLASS = YES_ERROR;
				CLANG_WARN_QUOTED_INCLUDE_IN_FRAMEWORK_HEADER = YES;
				CLANG_WARN_RANGE_LOOP_ANALYSIS = YES;
				CLANG_WARN_STRICT_PROTOTYPES = YES;
				CLANG_WARN_SUSPICIOUS_MOVE = YES;
				CLANG_WARN_UNGUARDED_AVAILABILITY = YES_AGGRESSIVE;
				CLANG_WARN_UNREACHABLE_CODE = YES;
				CLANG_WARN__DUPLICATE_METHOD_MATCH = YES;
				COPY_PHASE_STRIP = NO;
				DEBUG_INFORMATION_FORMAT = "dwarf-with-dsym";
				ENABLE_NS_ASSERTIONS = NO;
				ENABLE_STRICT_OBJC_MSGSEND = YES;
				GCC_C_LANGUAGE_STANDARD = gnu11;
				GCC_NO_COMMON_BLOCKS = YES;
				GCC_WARN_64_TO_32_BIT_CONVERSION = YES;
				GCC_WARN_ABOUT_RETURN_TYPE = YES_ERROR;
				GCC_WARN_UNDECLARED_SELECTOR = YES;
				GCC_WARN_UNINITIALIZED_AUTOS = YES_AGGRESSIVE;
				GCC_WARN_UNUSED_FUNCTION = YES;
				GCC_WARN_UNUSED_VARIABLE = YES;
				IPHONEOS_DEPLOYMENT_TARGET = 14.1;
				MTL_ENABLE_DEBUG_INFO = NO;
				MTL_FAST_MATH = YES;
				SDKROOT = iphoneos;
				SWIFT_COMPILATION_MODE = wholemodule;
				SWIFT_OPTIMIZATION_LEVEL = "-O";
				VALIDATE_PRODUCT = YES;
			};
			name = Release;
		};
		C08433A826144CF500DCD7C2 /* Debug */ = {
			isa = XCBuildConfiguration;
			buildSettings = {
				ASSETCATALOG_COMPILER_APPICON_NAME = AppIcon;
				ASSETCATALOG_COMPILER_GLOBAL_ACCENT_COLOR_NAME = AccentColor;
				CODE_SIGN_STYLE = Automatic;
				DEVELOPMENT_TEAM = 2JH59PJA68;
				INFOPLIST_FILE = NavigationPrac/Info.plist;
				LD_RUNPATH_SEARCH_PATHS = (
					"$(inherited)",
					"@executable_path/Frameworks",
				);
				PRODUCT_BUNDLE_IDENTIFIER = com.coocon.NavigationPrac;
				PRODUCT_NAME = "$(TARGET_NAME)";
				SWIFT_VERSION = 5.0;
				TARGETED_DEVICE_FAMILY = "1,2";
			};
			name = Debug;
		};
		C08433A926144CF500DCD7C2 /* Release */ = {
			isa = XCBuildConfiguration;
			buildSettings = {
				ASSETCATALOG_COMPILER_APPICON_NAME = AppIcon;
				ASSETCATALOG_COMPILER_GLOBAL_ACCENT_COLOR_NAME = AccentColor;
				CODE_SIGN_STYLE = Automatic;
				DEVELOPMENT_TEAM = 2JH59PJA68;
				INFOPLIST_FILE = NavigationPrac/Info.plist;
				LD_RUNPATH_SEARCH_PATHS = (
					"$(inherited)",
					"@executable_path/Frameworks",
				);
				PRODUCT_BUNDLE_IDENTIFIER = com.coocon.NavigationPrac;
				PRODUCT_NAME = "$(TARGET_NAME)";
				SWIFT_VERSION = 5.0;
				TARGETED_DEVICE_FAMILY = "1,2";
			};
			name = Release;
		};
		C08433AB26144CF500DCD7C2 /* Debug */ = {
			isa = XCBuildConfiguration;
			buildSettings = {
				ALWAYS_EMBED_SWIFT_STANDARD_LIBRARIES = YES;
				BUNDLE_LOADER = "$(TEST_HOST)";
				CODE_SIGN_STYLE = Automatic;
				DEVELOPMENT_TEAM = 2JH59PJA68;
				INFOPLIST_FILE = NavigationPracTests/Info.plist;
				IPHONEOS_DEPLOYMENT_TARGET = 14.1;
				LD_RUNPATH_SEARCH_PATHS = (
					"$(inherited)",
					"@executable_path/Frameworks",
					"@loader_path/Frameworks",
				);
				PRODUCT_BUNDLE_IDENTIFIER = com.coocon.NavigationPracTests;
				PRODUCT_NAME = "$(TARGET_NAME)";
				SWIFT_VERSION = 5.0;
				TARGETED_DEVICE_FAMILY = "1,2";
				TEST_HOST = "$(BUILT_PRODUCTS_DIR)/NavigationPrac.app/NavigationPrac";
			};
			name = Debug;
		};
		C08433AC26144CF500DCD7C2 /* Release */ = {
			isa = XCBuildConfiguration;
			buildSettings = {
				ALWAYS_EMBED_SWIFT_STANDARD_LIBRARIES = YES;
				BUNDLE_LOADER = "$(TEST_HOST)";
				CODE_SIGN_STYLE = Automatic;
				DEVELOPMENT_TEAM = 2JH59PJA68;
				INFOPLIST_FILE = NavigationPracTests/Info.plist;
				IPHONEOS_DEPLOYMENT_TARGET = 14.1;
				LD_RUNPATH_SEARCH_PATHS = (
					"$(inherited)",
					"@executable_path/Frameworks",
					"@loader_path/Frameworks",
				);
				PRODUCT_BUNDLE_IDENTIFIER = com.coocon.NavigationPracTests;
				PRODUCT_NAME = "$(TARGET_NAME)";
				SWIFT_VERSION = 5.0;
				TARGETED_DEVICE_FAMILY = "1,2";
				TEST_HOST = "$(BUILT_PRODUCTS_DIR)/NavigationPrac.app/NavigationPrac";
			};
			name = Release;
		};
		C08433AE26144CF500DCD7C2 /* Debug */ = {
			isa = XCBuildConfiguration;
			buildSettings = {
				ALWAYS_EMBED_SWIFT_STANDARD_LIBRARIES = YES;
				CODE_SIGN_STYLE = Automatic;
				DEVELOPMENT_TEAM = 2JH59PJA68;
				INFOPLIST_FILE = NavigationPracUITests/Info.plist;
				LD_RUNPATH_SEARCH_PATHS = (
					"$(inherited)",
					"@executable_path/Frameworks",
					"@loader_path/Frameworks",
				);
				PRODUCT_BUNDLE_IDENTIFIER = com.coocon.NavigationPracUITests;
				PRODUCT_NAME = "$(TARGET_NAME)";
				SWIFT_VERSION = 5.0;
				TARGETED_DEVICE_FAMILY = "1,2";
				TEST_TARGET_NAME = NavigationPrac;
			};
			name = Debug;
		};
		C08433AF26144CF500DCD7C2 /* Release */ = {
			isa = XCBuildConfiguration;
			buildSettings = {
				ALWAYS_EMBED_SWIFT_STANDARD_LIBRARIES = YES;
				CODE_SIGN_STYLE = Automatic;
				DEVELOPMENT_TEAM = 2JH59PJA68;
				INFOPLIST_FILE = NavigationPracUITests/Info.plist;
				LD_RUNPATH_SEARCH_PATHS = (
					"$(inherited)",
					"@executable_path/Frameworks",
					"@loader_path/Frameworks",
				);
				PRODUCT_BUNDLE_IDENTIFIER = com.coocon.NavigationPracUITests;
				PRODUCT_NAME = "$(TARGET_NAME)";
				SWIFT_VERSION = 5.0;
				TARGETED_DEVICE_FAMILY = "1,2";
				TEST_TARGET_NAME = NavigationPrac;
			};
			name = Release;
		};
/* End XCBuildConfiguration section */

/* Begin XCConfigurationList section */
		C084337826144CF400DCD7C2 /* Build configuration list for PBXProject "NavigationPrac" */ = {
			isa = XCConfigurationList;
			buildConfigurations = (
				C08433A526144CF500DCD7C2 /* Debug */,
				C08433A626144CF500DCD7C2 /* Release */,
			);
			defaultConfigurationIsVisible = 0;
			defaultConfigurationName = Release;
		};
		C08433A726144CF500DCD7C2 /* Build configuration list for PBXNativeTarget "NavigationPrac" */ = {
			isa = XCConfigurationList;
			buildConfigurations = (
				C08433A826144CF500DCD7C2 /* Debug */,
				C08433A926144CF500DCD7C2 /* Release */,
			);
			defaultConfigurationIsVisible = 0;
			defaultConfigurationName = Release;
		};
		C08433AA26144CF500DCD7C2 /* Build configuration list for PBXNativeTarget "NavigationPracTests" */ = {
			isa = XCConfigurationList;
			buildConfigurations = (
				C08433AB26144CF500DCD7C2 /* Debug */,
				C08433AC26144CF500DCD7C2 /* Release */,
			);
			defaultConfigurationIsVisible = 0;
			defaultConfigurationName = Release;
		};
		C08433AD26144CF500DCD7C2 /* Build configuration list for PBXNativeTarget "NavigationPracUITests" */ = {
			isa = XCConfigurationList;
			buildConfigurations = (
				C08433AE26144CF500DCD7C2 /* Debug */,
				C08433AF26144CF500DCD7C2 /* Release */,
			);
			defaultConfigurationIsVisible = 0;
			defaultConfigurationName = Release;
		};
/* End XCConfigurationList section */
	};
	rootObject = C084337526144CF400DCD7C2 /* Project object */;
}
